
Microsoft Visual Studio Solution File, Format Version 12.00
# Visual Studio Version 17
VisualStudioVersion = 17.0.32014.148
MinimumVisualStudioVersion = 10.0.40219.1
Project("{FAE04EC0-301F-11D3-BF4B-00C04F79EFBC}") = "Crossfire", "Crossfire.csproj", "{493A8730-742F-445D-A34F-6D64787EBED6}"
EndProject
Global
	GlobalSection(SolutionConfigurationPlatforms) = preSolution
		Debug|Any CPU = Debug|Any CPU
		Release|Any CPU = Release|Any CPU
	EndGlobalSection
	GlobalSection(ProjectConfigurationPlatforms) = postSolution
		{493A8730-742F-445D-A34F-6D64787EBED6}.Debug|Any CPU.ActiveCfg = Debug|Any CPU
		{493A8730-742F-445D-A34F-6D64787EBED6}.Debug|Any CPU.Build.0 = Debug|Any CPU
		{493A8730-742F-445D-A34F-6D64787EBED6}.Release|Any CPU.ActiveCfg = Release|Any CPU
		{493A8730-742F-445D-A34F-6D64787EBED6}.Release|Any CPU.Build.0 = Release|Any CPU
	EndGlobalSection
	GlobalSection(SolutionProperties) = preSolution
		HideSolutionNode = FALSE
	EndGlobalSection
	GlobalSection(ExtensibilityGlobals) = postSolution
		SolutionGuid = {83970F2C-93E0-4184-A84E-D376BCCEC44A}
	EndGlobalSection
EndGlobal
